
Microsoft Visual Studio Solution File, Format Version 12.00
# Visual Studio Version 16
VisualStudioVersion = 16.0.31005.135
MinimumVisualStudioVersion = 10.0.40219.1
Project("{F2A71F9B-5D33-465A-A702-920D77279786}") = "Project3", "Project3\Project3.fsproj", "{8124F1F3-1E55-4A81-9926-B7AA2912B059}"
EndProject
Global
	GlobalSection(SolutionConfigurationPlatforms) = preSolution
		Debug|Any CPU = Debug|Any CPU
		Release|Any CPU = Release|Any CPU
	EndGlobalSection
	GlobalSection(ProjectConfigurationPlatforms) = postSolution
		{8124F1F3-1E55-4A81-9926-B7AA2912B059}.Debug|Any CPU.ActiveCfg = Debug|Any CPU
		{8124F1F3-1E55-4A81-9926-B7AA2912B059}.Debug|Any CPU.Build.0 = Debug|Any CPU
		{8124F1F3-1E55-4A81-9926-B7AA2912B059}.Release|Any CPU.ActiveCfg = Release|Any CPU
		{8124F1F3-1E55-4A81-9926-B7AA2912B059}.Release|Any CPU.Build.0 = Release|Any CPU
	EndGlobalSection
	GlobalSection(SolutionProperties) = preSolution
		HideSolutionNode = FALSE
	EndGlobalSection
	GlobalSection(ExtensibilityGlobals) = postSolution
		SolutionGuid = {E0BC4E22-4156-47FD-819C-99048F081771}
	EndGlobalSection
EndGlobal
